
Microsoft Visual Studio Solution File, Format Version 12.00
# Visual Studio Version 17
VisualStudioVersion = 17.14.36804.6 d17.14
MinimumVisualStudioVersion = 10.0.40219.1
Project("{FAE04EC0-301F-11D3-BF4B-00C04F79EFBC}") = "BackendExam.Api", "BackendExam.Api\BackendExam.Api.csproj", "{04D4BD83-40AF-4D7E-B8C6-2EEF4870763F}"
EndProject
Global
	GlobalSection(SolutionConfigurationPlatforms) = preSolution
		Debug|Any CPU = Debug|Any CPU
		Release|Any CPU = Release|Any CPU
	EndGlobalSection
	GlobalSection(ProjectConfigurationPlatforms) = postSolution
		{04D4BD83-40AF-4D7E-B8C6-2EEF4870763F}.Debug|Any CPU.ActiveCfg = Debug|Any CPU
		{04D4BD83-40AF-4D7E-B8C6-2EEF4870763F}.Debug|Any CPU.Build.0 = Debug|Any CPU
		{04D4BD83-40AF-4D7E-B8C6-2EEF4870763F}.Release|Any CPU.ActiveCfg = Release|Any CPU
		{04D4BD83-40AF-4D7E-B8C6-2EEF4870763F}.Release|Any CPU.Build.0 = Release|Any CPU
	EndGlobalSection
	GlobalSection(SolutionProperties) = preSolution
		HideSolutionNode = FALSE
	EndGlobalSection
	GlobalSection(ExtensibilityGlobals) = postSolution
		SolutionGuid = {0D48F8FB-9CD3-44AC-92D6-58700DE11C4B}
	EndGlobalSection
EndGlobal
